
Microsoft Visual Studio Solution File, Format Version 12.00
# Visual Studio Version 17
VisualStudioVersion = 17.9.34714.143
MinimumVisualStudioVersion = 10.0.40219.1
Project("{FAE04EC0-301F-11D3-BF4B-00C04F79EFBC}") = "Core", "Core\Core.csproj", "{465F69EB-40A1-4ADD-B7A1-B77B150854E8}"
EndProject
Project("{FAE04EC0-301F-11D3-BF4B-00C04F79EFBC}") = "sistema", "Sistema\sistema.csproj", "{5F8BCDFC-3CB5-42E1-8F42-9F654225B8CA}"
EndProject
Project("{FAE04EC0-301F-11D3-BF4B-00C04F79EFBC}") = "cpUtilities", "cpUtilities\cpUtilities.csproj", "{BBEAE12F-8B0D-4703-B137-B6569E1A4312}"
EndProject
Project("{FAE04EC0-301F-11D3-BF4B-00C04F79EFBC}") = "adm", "Adm\adm.csproj", "{6020F000-2E18-4849-8DBF-41377A8F1261}"
EndProject
Project("{FAE04EC0-301F-11D3-BF4B-00C04F79EFBC}") = "CoinpaymentsApi", "CoinpaymentsApi\CoinpaymentsApi.csproj", "{AEFF78B5-F458-4929-9DD2-1447F16D13F6}"
EndProject
Global
	GlobalSection(SolutionConfigurationPlatforms) = preSolution
		Debug|Any CPU = Debug|Any CPU
		Debug|x86 = Debug|x86
		Release|Any CPU = Release|Any CPU
		Release|x86 = Release|x86
	EndGlobalSection
	GlobalSection(ProjectConfigurationPlatforms) = postSolution
		{465F69EB-40A1-4ADD-B7A1-B77B150854E8}.Debug|Any CPU.ActiveCfg = Debug|Any CPU
		{465F69EB-40A1-4ADD-B7A1-B77B150854E8}.Debug|Any CPU.Build.0 = Debug|Any CPU
		{465F69EB-40A1-4ADD-B7A1-B77B150854E8}.Debug|x86.ActiveCfg = Debug|Any CPU
		{465F69EB-40A1-4ADD-B7A1-B77B150854E8}.Debug|x86.Build.0 = Debug|Any CPU
		{465F69EB-40A1-4ADD-B7A1-B77B150854E8}.Release|Any CPU.ActiveCfg = Release|Any CPU
		{465F69EB-40A1-4ADD-B7A1-B77B150854E8}.Release|Any CPU.Build.0 = Release|Any CPU
		{465F69EB-40A1-4ADD-B7A1-B77B150854E8}.Release|x86.ActiveCfg = Release|Any CPU
		{465F69EB-40A1-4ADD-B7A1-B77B150854E8}.Release|x86.Build.0 = Release|Any CPU
		{5F8BCDFC-3CB5-42E1-8F42-9F654225B8CA}.Debug|Any CPU.ActiveCfg = Debug|Any CPU
		{5F8BCDFC-3CB5-42E1-8F42-9F654225B8CA}.Debug|Any CPU.Build.0 = Debug|Any CPU
		{5F8BCDFC-3CB5-42E1-8F42-9F654225B8CA}.Debug|x86.ActiveCfg = Debug|Any CPU
		{5F8BCDFC-3CB5-42E1-8F42-9F654225B8CA}.Debug|x86.Build.0 = Debug|Any CPU
		{5F8BCDFC-3CB5-42E1-8F42-9F654225B8CA}.Release|Any CPU.ActiveCfg = Release|Any CPU
		{5F8BCDFC-3CB5-42E1-8F42-9F654225B8CA}.Release|Any CPU.Build.0 = Release|Any CPU
		{5F8BCDFC-3CB5-42E1-8F42-9F654225B8CA}.Release|x86.ActiveCfg = Release|Any CPU
		{5F8BCDFC-3CB5-42E1-8F42-9F654225B8CA}.Release|x86.Build.0 = Release|Any CPU
		{BBEAE12F-8B0D-4703-B137-B6569E1A4312}.Debug|Any CPU.ActiveCfg = Debug|Any CPU
		{BBEAE12F-8B0D-4703-B137-B6569E1A4312}.Debug|Any CPU.Build.0 = Debug|Any CPU
		{BBEAE12F-8B0D-4703-B137-B6569E1A4312}.Debug|x86.ActiveCfg = Debug|Any CPU
		{BBEAE12F-8B0D-4703-B137-B6569E1A4312}.Debug|x86.Build.0 = Debug|Any CPU
		{BBEAE12F-8B0D-4703-B137-B6569E1A4312}.Release|Any CPU.ActiveCfg = Release|Any CPU
		{BBEAE12F-8B0D-4703-B137-B6569E1A4312}.Release|Any CPU.Build.0 = Release|Any CPU
		{BBEAE12F-8B0D-4703-B137-B6569E1A4312}.Release|x86.ActiveCfg = Release|Any CPU
		{BBEAE12F-8B0D-4703-B137-B6569E1A4312}.Release|x86.Build.0 = Release|Any CPU
		{6020F000-2E18-4849-8DBF-41377A8F1261}.Debug|Any CPU.ActiveCfg = Debug|Any CPU
		{6020F000-2E18-4849-8DBF-41377A8F1261}.Debug|Any CPU.Build.0 = Debug|Any CPU
		{6020F000-2E18-4849-8DBF-41377A8F1261}.Debug|x86.ActiveCfg = Debug|Any CPU
		{6020F000-2E18-4849-8DBF-41377A8F1261}.Debug|x86.Build.0 = Debug|Any CPU
		{6020F000-2E18-4849-8DBF-41377A8F1261}.Release|Any CPU.ActiveCfg = Release|Any CPU
		{6020F000-2E18-4849-8DBF-41377A8F1261}.Release|Any CPU.Build.0 = Release|Any CPU
		{6020F000-2E18-4849-8DBF-41377A8F1261}.Release|x86.ActiveCfg = Release|Any CPU
		{6020F000-2E18-4849-8DBF-41377A8F1261}.Release|x86.Build.0 = Release|Any CPU
		{AEFF78B5-F458-4929-9DD2-1447F16D13F6}.Debug|Any CPU.ActiveCfg = Debug|Any CPU
		{AEFF78B5-F458-4929-9DD2-1447F16D13F6}.Debug|Any CPU.Build.0 = Debug|Any CPU
		{AEFF78B5-F458-4929-9DD2-1447F16D13F6}.Debug|x86.ActiveCfg = Debug|Any CPU
		{AEFF78B5-F458-4929-9DD2-1447F16D13F6}.Debug|x86.Build.0 = Debug|Any CPU
		{AEFF78B5-F458-4929-9DD2-1447F16D13F6}.Release|Any CPU.ActiveCfg = Release|Any CPU
		{AEFF78B5-F458-4929-9DD2-1447F16D13F6}.Release|Any CPU.Build.0 = Release|Any CPU
		{AEFF78B5-F458-4929-9DD2-1447F16D13F6}.Release|x86.ActiveCfg = Release|Any CPU
		{AEFF78B5-F458-4929-9DD2-1447F16D13F6}.Release|x86.Build.0 = Release|Any CPU
	EndGlobalSection
	GlobalSection(SolutionProperties) = preSolution
		HideSolutionNode = FALSE
	EndGlobalSection
	GlobalSection(ExtensibilityGlobals) = postSolution
		SolutionGuid = {CB611822-71BC-4337-ACE2-2E10131A9BC0}
	EndGlobalSection
EndGlobal
